
Microsoft Visual Studio Solution File, Format Version 12.00
# Visual Studio Version 17
VisualStudioVersion = 17.9.34728.123
MinimumVisualStudioVersion = 10.0.40219.1
Project("{FAE04EC0-301F-11D3-BF4B-00C04F79EFBC}") = "KrokiNet", "KrokiNet\KrokiNet.csproj", "{DB455CAF-B239-474D-B6EE-81A4493F23B6}"
EndProject
Global
	GlobalSection(SolutionConfigurationPlatforms) = preSolution
		Debug|Any CPU = Debug|Any CPU
		Release|Any CPU = Release|Any CPU
	EndGlobalSection
	GlobalSection(ProjectConfigurationPlatforms) = postSolution
		{DB455CAF-B239-474D-B6EE-81A4493F23B6}.Debug|Any CPU.ActiveCfg = Debug|Any CPU
		{DB455CAF-B239-474D-B6EE-81A4493F23B6}.Debug|Any CPU.Build.0 = Debug|Any CPU
		{DB455CAF-B239-474D-B6EE-81A4493F23B6}.Release|Any CPU.ActiveCfg = Release|Any CPU
		{DB455CAF-B239-474D-B6EE-81A4493F23B6}.Release|Any CPU.Build.0 = Release|Any CPU
	EndGlobalSection
	GlobalSection(SolutionProperties) = preSolution
		HideSolutionNode = FALSE
	EndGlobalSection
	GlobalSection(ExtensibilityGlobals) = postSolution
		SolutionGuid = {97400881-6EF9-499A-A70B-C30647B36354}
	EndGlobalSection
EndGlobal
